
Microsoft Visual Studio Solution File, Format Version 12.00
# Visual Studio Version 17
VisualStudioVersion = 17.0.31912.275
MinimumVisualStudioVersion = 10.0.40219.1
Project("{FAE04EC0-301F-11D3-BF4B-00C04F79EFBC}") = "Timetable", "Timetable\Timetable.csproj", "{99563044-C05B-4278-BD57-B5B96903BEB5}"
EndProject
Project("{FAE04EC0-301F-11D3-BF4B-00C04F79EFBC}") = "Timetable.Parser", "Timetable.Parser\Timetable.Parser.csproj", "{E6BF9222-2462-4578-99B4-D5E0E93A02D9}"
EndProject
Global
	GlobalSection(SolutionConfigurationPlatforms) = preSolution
		Debug|Any CPU = Debug|Any CPU
		Release|Any CPU = Release|Any CPU
	EndGlobalSection
	GlobalSection(ProjectConfigurationPlatforms) = postSolution
		{99563044-C05B-4278-BD57-B5B96903BEB5}.Debug|Any CPU.ActiveCfg = Debug|Any CPU
		{99563044-C05B-4278-BD57-B5B96903BEB5}.Debug|Any CPU.Build.0 = Debug|Any CPU
		{99563044-C05B-4278-BD57-B5B96903BEB5}.Release|Any CPU.ActiveCfg = Release|Any CPU
		{99563044-C05B-4278-BD57-B5B96903BEB5}.Release|Any CPU.Build.0 = Release|Any CPU
		{E6BF9222-2462-4578-99B4-D5E0E93A02D9}.Debug|Any CPU.ActiveCfg = Debug|Any CPU
		{E6BF9222-2462-4578-99B4-D5E0E93A02D9}.Debug|Any CPU.Build.0 = Debug|Any CPU
		{E6BF9222-2462-4578-99B4-D5E0E93A02D9}.Release|Any CPU.ActiveCfg = Release|Any CPU
		{E6BF9222-2462-4578-99B4-D5E0E93A02D9}.Release|Any CPU.Build.0 = Release|Any CPU
	EndGlobalSection
	GlobalSection(SolutionProperties) = preSolution
		HideSolutionNode = FALSE
	EndGlobalSection
	GlobalSection(ExtensibilityGlobals) = postSolution
		SolutionGuid = {9BFA21B1-E913-45FD-AF9F-0CC2A4CFEC93}
	EndGlobalSection
EndGlobal
